{
  "version": 4,
  "terraform_version": "1.12.2",
  "serial": 29,
  "lineage": "9fab2715-c775-8ff9-f466-e6ed4aff5624",
  "outputs": {
    "admin_api_key_id": {
      "value": "NF6IDFXMLZTDZKXE",
      "type": "string",
      "sensitive": true
    },
    "admin_api_key_secret": {
      "value": "gf9E7xiMDMq0Fx5Ysb5orN/Sw7RQJFRNmDfb317oCTghE3ls7SvRPqJ9RblA7dRx",
      "type": "string",
      "sensitive": true
    },
    "admin_kafka_api_key_id": {
      "value": "33M2R4KOJFYUXZNS",
      "type": "string",
      "sensitive": true
    },
    "admin_kafka_api_key_secret": {
      "value": "dGZI2WvaS581QjjJYo7gqWsqMOyjNCUzET4N42P70ueoyLc6FUzUiPcYWnSDBfFA",
      "type": "string",
      "sensitive": true
    },
    "admin_service_account_id": {
      "value": "sa-7yppqqp",
      "type": "string"
    },
    "admin_service_account_name": {
      "value": "aws-sandbox-cluster-admin-manager",
      "type": "string"
    },
    "connection_config": {
      "value": {
        "api_key": "6SXBR4OB6BS6L3MQ",
        "api_secret": "vbjUsgV6UXYHgJcl7nw0U4shyiL1/ICVDqPn1ublRj0zo0HAr2HGJ2jB07zx09P0",
        "bootstrap_servers": "SASL_SSL://pkc-p11xm.us-east-1.aws.confluent.cloud:9092"
      },
      "type": [
        "object",
        {
          "api_key": "string",
          "api_secret": "string",
          "bootstrap_servers": "string"
        }
      ],
      "sensitive": true
    },
    "environment_id": {
      "value": "env-08wm66",
      "type": "string"
    },
    "environment_name": {
      "value": "sandbox-env",
      "type": "string"
    },
    "flink_compute_pool_id": {
      "value": "lfcp-3pr16w",
      "type": "string"
    },
    "http_source_connector_ids": {
      "value": {
        "sandbox": "lcc-owqgvj"
      },
      "type": [
        "object",
        {
          "sandbox": "string"
        }
      ]
    },
    "http_source_connector_names": {
      "value": {
        "sandbox": "HttpSourceConnector_aws-sandbox-cluster_sandbox_sample_project"
      },
      "type": [
        "object",
        {
          "sandbox": "string"
        }
      ]
    },
    "kafka_api_key_id": {
      "value": "6SXBR4OB6BS6L3MQ",
      "type": "string",
      "sensitive": true
    },
    "kafka_api_key_secret": {
      "value": "vbjUsgV6UXYHgJcl7nw0U4shyiL1/ICVDqPn1ublRj0zo0HAr2HGJ2jB07zx09P0",
      "type": "string",
      "sensitive": true
    },
    "kafka_cluster_bootstrap_endpoint": {
      "value": "SASL_SSL://pkc-p11xm.us-east-1.aws.confluent.cloud:9092",
      "type": "string"
    },
    "kafka_cluster_id": {
      "value": "lkc-nmwqpk",
      "type": "string"
    },
    "kafka_cluster_name": {
      "value": "aws-sandbox-cluster",
      "type": "string"
    },
    "kafka_cluster_rest_endpoint": {
      "value": "https://pkc-p11xm.us-east-1.aws.confluent.cloud:443",
      "type": "string"
    },
    "schema_registry_api_key_id": {
      "value": "NNOTDKBYZHE7S5XB",
      "type": "string"
    },
    "schema_registry_api_key_secret": {
      "value": "My1KlLmKDxlZuKkxa7D1De4d8EZSVjqnlFNhdFZcbmvWY2xJQjth1BozfAB8w6IE",
      "type": "string",
      "sensitive": true
    },
    "schema_registry_cluster_id": {
      "value": "lsrc-1qj365",
      "type": "string"
    },
    "schema_registry_rest_endpoint": {
      "value": "https://psrc-1ry6wml.us-east-1.aws.confluent.cloud",
      "type": "string"
    },
    "service_account_id": {
      "value": "sa-o322xxx",
      "type": "string"
    },
    "service_account_name": {
      "value": "aws-sandbox-cluster-app-manager",
      "type": "string"
    }
  },
  "resources": [
    {
      "mode": "managed",
      "type": "confluent_environment",
      "name": "main",
      "provider": "provider[\"registry.terraform.io/confluentinc/confluent\"]",
      "instances": [
        {
          "schema_version": 0,
          "attributes": {
            "display_name": "sandbox-env",
            "id": "env-08wm66",
            "resource_name": "crn://confluent.cloud/organization=fff9d6dc-e2bb-4bed-bc5a-29e52937d355/environment=env-08wm66",
            "stream_governance": [
              {
                "package": ""
              }
            ]
          },
          "sensitive_attributes": [],
          "identity_schema_version": 0,
          "private": "bnVsbA=="
        }
      ]
    },
    {
      "module": "module.aws_cluster",
      "mode": "data",
      "type": "confluent_organization",
      "name": "main",
      "provider": "provider[\"registry.terraform.io/confluentinc/confluent\"]",
      "instances": [
        {
          "schema_version": 0,
          "attributes": {
            "id": "fff9d6dc-e2bb-4bed-bc5a-29e52937d355",
            "resource_name": "crn://confluent.cloud/organization=fff9d6dc-e2bb-4bed-bc5a-29e52937d355"
          },
          "sensitive_attributes": [],
          "identity_schema_version": 0
        }
      ]
    },
    {
      "module": "module.aws_cluster",
      "mode": "data",
      "type": "confluent_schema_registry_cluster",
      "name": "essentials",
      "provider": "provider[\"registry.terraform.io/confluentinc/confluent\"]",
      "instances": [
        {
          "schema_version": 0,
          "attributes": {
            "api_version": "srcm/v2",
            "display_name": "Always On Stream Governance Package",
            "environment": [
              {
                "id": "env-08wm66"
              }
            ],
            "id": "lsrc-1qj365",
            "kind": "Cluster",
            "package": "ESSENTIALS",
            "region": [
              {
                "id": "sgreg-22"
              }
            ],
            "resource_name": "crn://confluent.cloud/organization=fff9d6dc-e2bb-4bed-bc5a-29e52937d355/environment=env-08wm66/schema-registry=lsrc-1qj365",
            "rest_endpoint": "https://psrc-1ry6wml.us-east-1.aws.confluent.cloud"
          },
          "sensitive_attributes": [],
          "identity_schema_version": 0
        }
      ]
    },
    {
      "module": "module.aws_cluster",
      "mode": "managed",
      "type": "confluent_api_key",
      "name": "admin_api_key",
      "provider": "provider[\"registry.terraform.io/confluentinc/confluent\"]",
      "instances": [
        {
          "schema_version": 0,
          "attributes": {
            "description": "Admin API Key for ACL management",
            "disable_wait_for_ready": false,
            "display_name": "aws-sandbox-cluster-admin-api-key",
            "id": "NF6IDFXMLZTDZKXE",
            "managed_resource": [],
            "owner": [
              {
                "api_version": "iam/v2",
                "id": "sa-7yppqqp",
                "kind": "ServiceAccount"
              }
            ],
            "secret": "gf9E7xiMDMq0Fx5Ysb5orN/Sw7RQJFRNmDfb317oCTghE3ls7SvRPqJ9RblA7dRx"
          },
          "sensitive_attributes": [
            [
              {
                "type": "get_attr",
                "value": "secret"
              }
            ]
          ],
          "identity_schema_version": 0,
          "private": "bnVsbA==",
          "dependencies": [
            "confluent_environment.main",
            "module.aws_cluster.confluent_role_binding.admin_environment_admin",
            "module.aws_cluster.confluent_service_account.admin_manager"
          ]
        }
      ]
    },
    {
      "module": "module.aws_cluster",
      "mode": "managed",
      "type": "confluent_api_key",
      "name": "admin_kafka_api_key",
      "provider": "provider[\"registry.terraform.io/confluentinc/confluent\"]",
      "instances": [
        {
          "schema_version": 0,
          "attributes": {
            "description": "Kafka API Key for admin operations (ACLs and topics)",
            "disable_wait_for_ready": false,
            "display_name": "aws-sandbox-cluster-admin-kafka-api-key",
            "id": "33M2R4KOJFYUXZNS",
            "managed_resource": [
              {
                "api_version": "cmk/v2",
                "environment": [
                  {
                    "id": "env-08wm66"
                  }
                ],
                "id": "lkc-nmwqpk",
                "kind": "Cluster"
              }
            ],
            "owner": [
              {
                "api_version": "iam/v2",
                "id": "sa-7yppqqp",
                "kind": "ServiceAccount"
              }
            ],
            "secret": "dGZI2WvaS581QjjJYo7gqWsqMOyjNCUzET4N42P70ueoyLc6FUzUiPcYWnSDBfFA"
          },
          "sensitive_attributes": [
            [
              {
                "type": "get_attr",
                "value": "secret"
              }
            ]
          ],
          "identity_schema_version": 0,
          "private": "bnVsbA==",
          "dependencies": [
            "confluent_environment.main",
            "module.aws_cluster.confluent_kafka_cluster.basic",
            "module.aws_cluster.confluent_role_binding.admin_environment_admin",
            "module.aws_cluster.confluent_service_account.admin_manager"
          ]
        }
      ]
    },
    {
      "module": "module.aws_cluster",
      "mode": "managed",
      "type": "confluent_api_key",
      "name": "app_manager_kafka_api_key",
      "provider": "provider[\"registry.terraform.io/confluentinc/confluent\"]",
      "instances": [
        {
          "schema_version": 0,
          "attributes": {
            "description": "Kafka API Key that is owned by 'aws-sandbox-cluster-app-manager' service account",
            "disable_wait_for_ready": false,
            "display_name": "aws-sandbox-cluster-kafka-api-key",
            "id": "6SXBR4OB6BS6L3MQ",
            "managed_resource": [
              {
                "api_version": "cmk/v2",
                "environment": [
                  {
                    "id": "env-08wm66"
                  }
                ],
                "id": "lkc-nmwqpk",
                "kind": "Cluster"
              }
            ],
            "owner": [
              {
                "api_version": "iam/v2",
                "id": "sa-o322xxx",
                "kind": "ServiceAccount"
              }
            ],
            "secret": "vbjUsgV6UXYHgJcl7nw0U4shyiL1/ICVDqPn1ublRj0zo0HAr2HGJ2jB07zx09P0"
          },
          "sensitive_attributes": [
            [
              {
                "type": "get_attr",
                "value": "secret"
              }
            ]
          ],
          "identity_schema_version": 0,
          "private": "bnVsbA==",
          "dependencies": [
            "confluent_environment.main",
            "module.aws_cluster.confluent_kafka_cluster.basic",
            "module.aws_cluster.confluent_service_account.app_manager"
          ]
        }
      ]
    },
    {
      "module": "module.aws_cluster",
      "mode": "managed",
      "type": "confluent_api_key",
      "name": "schema_registry_api_key",
      "provider": "provider[\"registry.terraform.io/confluentinc/confluent\"]",
      "instances": [
        {
          "schema_version": 0,
          "attributes": {
            "description": "Schema Registry API Key that is owned by 'admin_manager' service account",
            "disable_wait_for_ready": false,
            "display_name": "schema-registry-api-key",
            "id": "NNOTDKBYZHE7S5XB",
            "managed_resource": [
              {
                "api_version": "srcm/v2",
                "environment": [
                  {
                    "id": "env-08wm66"
                  }
                ],
                "id": "lsrc-1qj365",
                "kind": "Cluster"
              }
            ],
            "owner": [
              {
                "api_version": "iam/v2",
                "id": "sa-7yppqqp",
                "kind": "ServiceAccount"
              }
            ],
            "secret": "My1KlLmKDxlZuKkxa7D1De4d8EZSVjqnlFNhdFZcbmvWY2xJQjth1BozfAB8w6IE"
          },
          "sensitive_attributes": [
            [
              {
                "type": "get_attr",
                "value": "secret"
              }
            ]
          ],
          "identity_schema_version": 0,
          "private": "bnVsbA==",
          "dependencies": [
            "confluent_environment.main",
            "module.aws_cluster.confluent_service_account.admin_manager",
            "module.aws_cluster.data.confluent_schema_registry_cluster.essentials"
          ]
        }
      ]
    },
    {
      "module": "module.aws_cluster",
      "mode": "managed",
      "type": "confluent_flink_compute_pool",
      "name": "main",
      "provider": "provider[\"registry.terraform.io/confluentinc/confluent\"]",
      "instances": [
        {
          "schema_version": 0,
          "attributes": {
            "api_version": "fcpm/v2",
            "cloud": "AWS",
            "display_name": "aws-sandbox-cluster-flink-pool",
            "environment": [
              {
                "id": "env-08wm66"
              }
            ],
            "id": "lfcp-3pr16w",
            "kind": "ComputePool",
            "max_cfu": 5,
            "region": "us-east-1",
            "resource_name": "crn://confluent.cloud/organization=fff9d6dc-e2bb-4bed-bc5a-29e52937d355/environment=env-08wm66/flink-region=aws.us-east-1/compute-pool=lfcp-3pr16w",
            "timeouts": null
          },
          "sensitive_attributes": [],
          "identity_schema_version": 0,
          "private": "eyJlMmJmYjczMC1lY2FhLTExZTYtOGY4OC0zNDM2M2JjN2M0YzAiOnsiY3JlYXRlIjozNjAwMDAwMDAwMDAwLCJkZWxldGUiOjM2MDAwMDAwMDAwMDB9fQ==",
          "dependencies": [
            "confluent_environment.main"
          ]
        }
      ]
    },
    {
      "module": "module.aws_cluster",
      "mode": "managed",
      "type": "confluent_kafka_acl",
      "name": "app_manager_create_topics",
      "provider": "provider[\"registry.terraform.io/confluentinc/confluent\"]",
      "instances": [
        {
          "schema_version": 2,
          "attributes": {
            "credentials": [
              {
                "key": "33M2R4KOJFYUXZNS",
                "secret": "dGZI2WvaS581QjjJYo7gqWsqMOyjNCUzET4N42P70ueoyLc6FUzUiPcYWnSDBfFA"
              }
            ],
            "host": "*",
            "id": "lkc-nmwqpk/TOPIC#*#LITERAL#User:sa-o322xxx#*#CREATE#ALLOW",
            "kafka_cluster": [
              {
                "id": "lkc-nmwqpk"
              }
            ],
            "operation": "CREATE",
            "pattern_type": "LITERAL",
            "permission": "ALLOW",
            "principal": "User:sa-o322xxx",
            "resource_name": "*",
            "resource_type": "TOPIC",
            "rest_endpoint": "https://pkc-p11xm.us-east-1.aws.confluent.cloud:443"
          },
          "sensitive_attributes": [
            [
              {
                "type": "get_attr",
                "value": "credentials"
              },
              {
                "type": "index",
                "value": {
                  "value": 0,
                  "type": "number"
                }
              },
              {
                "type": "get_attr",
                "value": "key"
              }
            ],
            [
              {
                "type": "get_attr",
                "value": "credentials"
              },
              {
                "type": "index",
                "value": {
                  "value": 0,
                  "type": "number"
                }
              },
              {
                "type": "get_attr",
                "value": "secret"
              }
            ]
          ],
          "identity_schema_version": 0,
          "private": "eyJzY2hlbWFfdmVyc2lvbiI6IjIifQ==",
          "dependencies": [
            "confluent_environment.main",
            "module.aws_cluster.confluent_api_key.admin_kafka_api_key",
            "module.aws_cluster.confluent_kafka_cluster.basic",
            "module.aws_cluster.confluent_role_binding.admin_environment_admin",
            "module.aws_cluster.confluent_service_account.admin_manager",
            "module.aws_cluster.confluent_service_account.app_manager"
          ]
        }
      ]
    },
    {
      "module": "module.aws_cluster",
      "mode": "managed",
      "type": "confluent_kafka_acl",
      "name": "app_manager_describe_cluster",
      "provider": "provider[\"registry.terraform.io/confluentinc/confluent\"]",
      "instances": [
        {
          "schema_version": 2,
          "attributes": {
            "credentials": [
              {
                "key": "33M2R4KOJFYUXZNS",
                "secret": "dGZI2WvaS581QjjJYo7gqWsqMOyjNCUzET4N42P70ueoyLc6FUzUiPcYWnSDBfFA"
              }
            ],
            "host": "*",
            "id": "lkc-nmwqpk/CLUSTER#kafka-cluster#LITERAL#User:sa-o322xxx#*#DESCRIBE#ALLOW",
            "kafka_cluster": [
              {
                "id": "lkc-nmwqpk"
              }
            ],
            "operation": "DESCRIBE",
            "pattern_type": "LITERAL",
            "permission": "ALLOW",
            "principal": "User:sa-o322xxx",
            "resource_name": "kafka-cluster",
            "resource_type": "CLUSTER",
            "rest_endpoint": "https://pkc-p11xm.us-east-1.aws.confluent.cloud:443"
          },
          "sensitive_attributes": [
            [
              {
                "type": "get_attr",
                "value": "credentials"
              },
              {
                "type": "index",
                "value": {
                  "value": 0,
                  "type": "number"
                }
              },
              {
                "type": "get_attr",
                "value": "key"
              }
            ],
            [
              {
                "type": "get_attr",
                "value": "credentials"
              },
              {
                "type": "index",
                "value": {
                  "value": 0,
                  "type": "number"
                }
              },
              {
                "type": "get_attr",
                "value": "secret"
              }
            ]
          ],
          "identity_schema_version": 0,
          "private": "eyJzY2hlbWFfdmVyc2lvbiI6IjIifQ==",
          "dependencies": [
            "confluent_environment.main",
            "module.aws_cluster.confluent_api_key.admin_kafka_api_key",
            "module.aws_cluster.confluent_kafka_cluster.basic",
            "module.aws_cluster.confluent_role_binding.admin_environment_admin",
            "module.aws_cluster.confluent_service_account.admin_manager",
            "module.aws_cluster.confluent_service_account.app_manager"
          ]
        }
      ]
    },
    {
      "module": "module.aws_cluster",
      "mode": "managed",
      "type": "confluent_kafka_acl",
      "name": "app_manager_read_topics",
      "provider": "provider[\"registry.terraform.io/confluentinc/confluent\"]",
      "instances": [
        {
          "schema_version": 2,
          "attributes": {
            "credentials": [
              {
                "key": "33M2R4KOJFYUXZNS",
                "secret": "dGZI2WvaS581QjjJYo7gqWsqMOyjNCUzET4N42P70ueoyLc6FUzUiPcYWnSDBfFA"
              }
            ],
            "host": "*",
            "id": "lkc-nmwqpk/TOPIC#*#LITERAL#User:sa-o322xxx#*#READ#ALLOW",
            "kafka_cluster": [
              {
                "id": "lkc-nmwqpk"
              }
            ],
            "operation": "READ",
            "pattern_type": "LITERAL",
            "permission": "ALLOW",
            "principal": "User:sa-o322xxx",
            "resource_name": "*",
            "resource_type": "TOPIC",
            "rest_endpoint": "https://pkc-p11xm.us-east-1.aws.confluent.cloud:443"
          },
          "sensitive_attributes": [
            [
              {
                "type": "get_attr",
                "value": "credentials"
              },
              {
                "type": "index",
                "value": {
                  "value": 0,
                  "type": "number"
                }
              },
              {
                "type": "get_attr",
                "value": "key"
              }
            ],
            [
              {
                "type": "get_attr",
                "value": "credentials"
              },
              {
                "type": "index",
                "value": {
                  "value": 0,
                  "type": "number"
                }
              },
              {
                "type": "get_attr",
                "value": "secret"
              }
            ]
          ],
          "identity_schema_version": 0,
          "private": "eyJzY2hlbWFfdmVyc2lvbiI6IjIifQ==",
          "dependencies": [
            "confluent_environment.main",
            "module.aws_cluster.confluent_api_key.admin_kafka_api_key",
            "module.aws_cluster.confluent_kafka_cluster.basic",
            "module.aws_cluster.confluent_role_binding.admin_environment_admin",
            "module.aws_cluster.confluent_service_account.admin_manager",
            "module.aws_cluster.confluent_service_account.app_manager"
          ]
        }
      ]
    },
    {
      "module": "module.aws_cluster",
      "mode": "managed",
      "type": "confluent_kafka_acl",
      "name": "app_manager_write_topics",
      "provider": "provider[\"registry.terraform.io/confluentinc/confluent\"]",
      "instances": [
        {
          "schema_version": 2,
          "attributes": {
            "credentials": [
              {
                "key": "33M2R4KOJFYUXZNS",
                "secret": "dGZI2WvaS581QjjJYo7gqWsqMOyjNCUzET4N42P70ueoyLc6FUzUiPcYWnSDBfFA"
              }
            ],
            "host": "*",
            "id": "lkc-nmwqpk/TOPIC#*#LITERAL#User:sa-o322xxx#*#WRITE#ALLOW",
            "kafka_cluster": [
              {
                "id": "lkc-nmwqpk"
              }
            ],
            "operation": "WRITE",
            "pattern_type": "LITERAL",
            "permission": "ALLOW",
            "principal": "User:sa-o322xxx",
            "resource_name": "*",
            "resource_type": "TOPIC",
            "rest_endpoint": "https://pkc-p11xm.us-east-1.aws.confluent.cloud:443"
          },
          "sensitive_attributes": [
            [
              {
                "type": "get_attr",
                "value": "credentials"
              },
              {
                "type": "index",
                "value": {
                  "value": 0,
                  "type": "number"
                }
              },
              {
                "type": "get_attr",
                "value": "key"
              }
            ],
            [
              {
                "type": "get_attr",
                "value": "credentials"
              },
              {
                "type": "index",
                "value": {
                  "value": 0,
                  "type": "number"
                }
              },
              {
                "type": "get_attr",
                "value": "secret"
              }
            ]
          ],
          "identity_schema_version": 0,
          "private": "eyJzY2hlbWFfdmVyc2lvbiI6IjIifQ==",
          "dependencies": [
            "confluent_environment.main",
            "module.aws_cluster.confluent_api_key.admin_kafka_api_key",
            "module.aws_cluster.confluent_kafka_cluster.basic",
            "module.aws_cluster.confluent_role_binding.admin_environment_admin",
            "module.aws_cluster.confluent_service_account.admin_manager",
            "module.aws_cluster.confluent_service_account.app_manager"
          ]
        }
      ]
    },
    {
      "module": "module.aws_cluster",
      "mode": "managed",
      "type": "confluent_kafka_cluster",
      "name": "basic",
      "provider": "provider[\"registry.terraform.io/confluentinc/confluent\"]",
      "instances": [
        {
          "schema_version": 1,
          "attributes": {
            "api_version": "cmk/v2",
            "availability": "SINGLE_ZONE",
            "basic": [
              {}
            ],
            "bootstrap_endpoint": "SASL_SSL://pkc-p11xm.us-east-1.aws.confluent.cloud:9092",
            "byok_key": [
              {
                "id": ""
              }
            ],
            "cloud": "AWS",
            "dedicated": [],
            "display_name": "aws-sandbox-cluster",
            "enterprise": [],
            "environment": [
              {
                "id": "env-08wm66"
              }
            ],
            "freight": [],
            "id": "lkc-nmwqpk",
            "kind": "Cluster",
            "network": [
              {
                "id": ""
              }
            ],
            "rbac_crn": "crn://confluent.cloud/organization=fff9d6dc-e2bb-4bed-bc5a-29e52937d355/environment=env-08wm66/cloud-cluster=lkc-nmwqpk",
            "region": "us-east-1",
            "rest_endpoint": "https://pkc-p11xm.us-east-1.aws.confluent.cloud:443",
            "standard": [],
            "timeouts": null
          },
          "sensitive_attributes": [],
          "identity_schema_version": 0,
          "private": "eyJlMmJmYjczMC1lY2FhLTExZTYtOGY4OC0zNDM2M2JjN2M0YzAiOnsiY3JlYXRlIjoyNTkyMDAwMDAwMDAwMDAsInVwZGF0ZSI6MjU5MjAwMDAwMDAwMDAwfSwic2NoZW1hX3ZlcnNpb24iOiIxIn0=",
          "dependencies": [
            "confluent_environment.main"
          ]
        }
      ]
    },
    {
      "module": "module.aws_cluster",
      "mode": "managed",
      "type": "confluent_role_binding",
      "name": "admin_environment_admin",
      "provider": "provider[\"registry.terraform.io/confluentinc/confluent\"]",
      "instances": [
        {
          "schema_version": 0,
          "attributes": {
            "crn_pattern": "crn://confluent.cloud/organization=fff9d6dc-e2bb-4bed-bc5a-29e52937d355/environment=env-08wm66",
            "id": "rb-LQ9kQl",
            "principal": "User:sa-7yppqqp",
            "role_name": "EnvironmentAdmin"
          },
          "sensitive_attributes": [],
          "identity_schema_version": 0,
          "private": "bnVsbA==",
          "dependencies": [
            "confluent_environment.main",
            "module.aws_cluster.confluent_service_account.admin_manager"
          ]
        }
      ]
    },
    {
      "module": "module.aws_cluster",
      "mode": "managed",
      "type": "confluent_service_account",
      "name": "admin_manager",
      "provider": "provider[\"registry.terraform.io/confluentinc/confluent\"]",
      "instances": [
        {
          "schema_version": 0,
          "attributes": {
            "api_version": "iam/v2",
            "description": "Admin service account for ACL management in cluster aws-sandbox-cluster",
            "display_name": "aws-sandbox-cluster-admin-manager",
            "id": "sa-7yppqqp",
            "kind": "ServiceAccount"
          },
          "sensitive_attributes": [],
          "identity_schema_version": 0,
          "private": "bnVsbA=="
        }
      ]
    },
    {
      "module": "module.aws_cluster",
      "mode": "managed",
      "type": "confluent_service_account",
      "name": "app_manager",
      "provider": "provider[\"registry.terraform.io/confluentinc/confluent\"]",
      "instances": [
        {
          "schema_version": 0,
          "attributes": {
            "api_version": "iam/v2",
            "description": "Service account to manage Kafka cluster aws-sandbox-cluster",
            "display_name": "aws-sandbox-cluster-app-manager",
            "id": "sa-o322xxx",
            "kind": "ServiceAccount"
          },
          "sensitive_attributes": [],
          "identity_schema_version": 0,
          "private": "bnVsbA=="
        }
      ]
    },
    {
      "module": "module.aws_cluster.module.sample_project",
      "mode": "managed",
      "type": "confluent_connector",
      "name": "http_source",
      "provider": "provider[\"registry.terraform.io/confluentinc/confluent\"]",
      "instances": [
        {
          "index_key": "sandbox",
          "schema_version": 0,
          "attributes": {
            "config_nonsensitive": {
              "connector.class": "HttpSource",
              "http.initial.offset": "0",
              "http.offset.mode": "SIMPLE_INCREMENTING",
              "kafka.auth.mode": "KAFKA_API_KEY",
              "max.retries": "5",
              "name": "HttpSourceConnector_aws-sandbox-cluster_sandbox_sample_project",
              "output.data.format": "JSON",
              "request.interval.ms": "60000",
              "retry.backoff.ms": "5000",
              "tasks.max": "1",
              "topic.name.pattern": "aws.myorg.sandbox.sample_project.http_source_data.source-connector",
              "url": "https://jsonplaceholder.typicode.com/posts/1"
            },
            "config_sensitive": {
              "kafka.api.secret": "dGZI2WvaS581QjjJYo7gqWsqMOyjNCUzET4N42P70ueoyLc6FUzUiPcYWnSDBfFA"
            },
            "environment": [
              {
                "id": "env-08wm66"
              }
            ],
            "id": "lcc-owqgvj",
            "kafka_cluster": [
              {
                "id": "lkc-nmwqpk"
              }
            ],
            "status": "RUNNING",
            "timeouts": null
          },
          "sensitive_attributes": [
            [
              {
                "type": "get_attr",
                "value": "config_sensitive"
              }
            ],
            [
              {
                "type": "get_attr",
                "value": "config_sensitive"
              },
              {
                "type": "index",
                "value": {
                  "value": "kafka.api.secret",
                  "type": "string"
                }
              }
            ]
          ],
          "identity_schema_version": 0,
          "private": "eyJlMmJmYjczMC1lY2FhLTExZTYtOGY4OC0zNDM2M2JjN2M0YzAiOnsiY3JlYXRlIjo4NjQwMDAwMDAwMDAwMH19",
          "dependencies": [
            "confluent_environment.main",
            "module.aws_cluster.confluent_api_key.admin_kafka_api_key",
            "module.aws_cluster.confluent_kafka_cluster.basic",
            "module.aws_cluster.confluent_role_binding.admin_environment_admin",
            "module.aws_cluster.confluent_service_account.admin_manager"
          ]
        }
      ]
    },
    {
      "module": "module.aws_cluster.module.sample_project",
      "mode": "managed",
      "type": "confluent_kafka_acl",
      "name": "http_source_read",
      "provider": "provider[\"registry.terraform.io/confluentinc/confluent\"]",
      "instances": [
        {
          "index_key": "sandbox",
          "schema_version": 2,
          "attributes": {
            "credentials": [
              {
                "key": "33M2R4KOJFYUXZNS",
                "secret": "dGZI2WvaS581QjjJYo7gqWsqMOyjNCUzET4N42P70ueoyLc6FUzUiPcYWnSDBfFA"
              }
            ],
            "host": "*",
            "id": "lkc-nmwqpk/TOPIC#aws.myorg.sandbox.sample_project.http_source_data.source-connector#LITERAL#User:sa-7yppqqp#*#READ#ALLOW",
            "kafka_cluster": [
              {
                "id": "lkc-nmwqpk"
              }
            ],
            "operation": "READ",
            "pattern_type": "LITERAL",
            "permission": "ALLOW",
            "principal": "User:sa-7yppqqp",
            "resource_name": "aws.myorg.sandbox.sample_project.http_source_data.source-connector",
            "resource_type": "TOPIC",
            "rest_endpoint": "https://pkc-p11xm.us-east-1.aws.confluent.cloud:443"
          },
          "sensitive_attributes": [
            [
              {
                "type": "get_attr",
                "value": "credentials"
              },
              {
                "type": "index",
                "value": {
                  "value": 0,
                  "type": "number"
                }
              },
              {
                "type": "get_attr",
                "value": "key"
              }
            ],
            [
              {
                "type": "get_attr",
                "value": "credentials"
              },
              {
                "type": "index",
                "value": {
                  "value": 0,
                  "type": "number"
                }
              },
              {
                "type": "get_attr",
                "value": "secret"
              }
            ]
          ],
          "identity_schema_version": 0,
          "private": "eyJzY2hlbWFfdmVyc2lvbiI6IjIifQ==",
          "dependencies": [
            "confluent_environment.main",
            "module.aws_cluster.confluent_api_key.admin_kafka_api_key",
            "module.aws_cluster.confluent_kafka_cluster.basic",
            "module.aws_cluster.confluent_role_binding.admin_environment_admin",
            "module.aws_cluster.confluent_service_account.admin_manager"
          ]
        }
      ]
    },
    {
      "module": "module.aws_cluster.module.sample_project",
      "mode": "managed",
      "type": "confluent_kafka_acl",
      "name": "http_source_write",
      "provider": "provider[\"registry.terraform.io/confluentinc/confluent\"]",
      "instances": [
        {
          "index_key": "sandbox",
          "schema_version": 2,
          "attributes": {
            "credentials": [
              {
                "key": "33M2R4KOJFYUXZNS",
                "secret": "dGZI2WvaS581QjjJYo7gqWsqMOyjNCUzET4N42P70ueoyLc6FUzUiPcYWnSDBfFA"
              }
            ],
            "host": "*",
            "id": "lkc-nmwqpk/TOPIC#aws.myorg.sandbox.sample_project.http_source_data.source-connector#LITERAL#User:sa-7yppqqp#*#WRITE#ALLOW",
            "kafka_cluster": [
              {
                "id": "lkc-nmwqpk"
              }
            ],
            "operation": "WRITE",
            "pattern_type": "LITERAL",
            "permission": "ALLOW",
            "principal": "User:sa-7yppqqp",
            "resource_name": "aws.myorg.sandbox.sample_project.http_source_data.source-connector",
            "resource_type": "TOPIC",
            "rest_endpoint": "https://pkc-p11xm.us-east-1.aws.confluent.cloud:443"
          },
          "sensitive_attributes": [
            [
              {
                "type": "get_attr",
                "value": "credentials"
              },
              {
                "type": "index",
                "value": {
                  "value": 0,
                  "type": "number"
                }
              },
              {
                "type": "get_attr",
                "value": "key"
              }
            ],
            [
              {
                "type": "get_attr",
                "value": "credentials"
              },
              {
                "type": "index",
                "value": {
                  "value": 0,
                  "type": "number"
                }
              },
              {
                "type": "get_attr",
                "value": "secret"
              }
            ]
          ],
          "identity_schema_version": 0,
          "private": "eyJzY2hlbWFfdmVyc2lvbiI6IjIifQ==",
          "dependencies": [
            "confluent_environment.main",
            "module.aws_cluster.confluent_api_key.admin_kafka_api_key",
            "module.aws_cluster.confluent_kafka_cluster.basic",
            "module.aws_cluster.confluent_role_binding.admin_environment_admin",
            "module.aws_cluster.confluent_service_account.admin_manager"
          ]
        }
      ]
    },
    {
      "module": "module.aws_cluster.module.sample_project",
      "mode": "managed",
      "type": "confluent_kafka_topic",
      "name": "aws_dummy_topic",
      "provider": "provider[\"registry.terraform.io/confluentinc/confluent\"]",
      "instances": [
        {
          "index_key": "sandbox",
          "schema_version": 2,
          "attributes": {
            "config": {
              "cleanup.policy": "delete",
              "delete.retention.ms": "86400000",
              "max.message.bytes": "2097164",
              "min.insync.replicas": "1",
              "retention.bytes": "1073741824",
              "retention.ms": "604800000",
              "segment.bytes": "104857600",
              "segment.ms": "604800000"
            },
            "credentials": [
              {
                "key": "33M2R4KOJFYUXZNS",
                "secret": "dGZI2WvaS581QjjJYo7gqWsqMOyjNCUzET4N42P70ueoyLc6FUzUiPcYWnSDBfFA"
              }
            ],
            "id": "lkc-nmwqpk/aws.myorg.sandbox.sample_project.dummy_topic.0",
            "kafka_cluster": [
              {
                "id": "lkc-nmwqpk"
              }
            ],
            "partitions_count": 3,
            "rest_endpoint": "https://pkc-p11xm.us-east-1.aws.confluent.cloud:443",
            "topic_name": "aws.myorg.sandbox.sample_project.dummy_topic.0"
          },
          "sensitive_attributes": [
            [
              {
                "type": "get_attr",
                "value": "credentials"
              },
              {
                "type": "index",
                "value": {
                  "value": 0,
                  "type": "number"
                }
              },
              {
                "type": "get_attr",
                "value": "key"
              }
            ],
            [
              {
                "type": "get_attr",
                "value": "credentials"
              },
              {
                "type": "index",
                "value": {
                  "value": 0,
                  "type": "number"
                }
              },
              {
                "type": "get_attr",
                "value": "secret"
              }
            ]
          ],
          "identity_schema_version": 0,
          "private": "eyJzY2hlbWFfdmVyc2lvbiI6IjIifQ==",
          "dependencies": [
            "confluent_environment.main",
            "module.aws_cluster.confluent_api_key.admin_kafka_api_key",
            "module.aws_cluster.confluent_kafka_cluster.basic",
            "module.aws_cluster.confluent_role_binding.admin_environment_admin",
            "module.aws_cluster.confluent_service_account.admin_manager"
          ]
        }
      ]
    },
    {
      "module": "module.aws_cluster.module.sample_project",
      "mode": "managed",
      "type": "confluent_kafka_topic",
      "name": "aws_dummy_topic_with_schema",
      "provider": "provider[\"registry.terraform.io/confluentinc/confluent\"]",
      "instances": [
        {
          "index_key": "sandbox",
          "schema_version": 2,
          "attributes": {
            "config": {
              "cleanup.policy": "delete",
              "delete.retention.ms": "86400000",
              "max.message.bytes": "2097164",
              "min.insync.replicas": "1",
              "retention.bytes": "1073741824",
              "retention.ms": "604800000",
              "segment.bytes": "104857600",
              "segment.ms": "604800000"
            },
            "credentials": [
              {
                "key": "33M2R4KOJFYUXZNS",
                "secret": "dGZI2WvaS581QjjJYo7gqWsqMOyjNCUzET4N42P70ueoyLc6FUzUiPcYWnSDBfFA"
              }
            ],
            "id": "lkc-nmwqpk/aws.myorg.sandbox.sample_project.dummy_topic_with_schema",
            "kafka_cluster": [
              {
                "id": "lkc-nmwqpk"
              }
            ],
            "partitions_count": 3,
            "rest_endpoint": "https://pkc-p11xm.us-east-1.aws.confluent.cloud:443",
            "topic_name": "aws.myorg.sandbox.sample_project.dummy_topic_with_schema"
          },
          "sensitive_attributes": [
            [
              {
                "type": "get_attr",
                "value": "credentials"
              },
              {
                "type": "index",
                "value": {
                  "value": 0,
                  "type": "number"
                }
              },
              {
                "type": "get_attr",
                "value": "key"
              }
            ],
            [
              {
                "type": "get_attr",
                "value": "credentials"
              },
              {
                "type": "index",
                "value": {
                  "value": 0,
                  "type": "number"
                }
              },
              {
                "type": "get_attr",
                "value": "secret"
              }
            ]
          ],
          "identity_schema_version": 0,
          "private": "eyJzY2hlbWFfdmVyc2lvbiI6IjIifQ==",
          "dependencies": [
            "confluent_environment.main",
            "module.aws_cluster.confluent_api_key.admin_kafka_api_key",
            "module.aws_cluster.confluent_kafka_cluster.basic",
            "module.aws_cluster.confluent_role_binding.admin_environment_admin",
            "module.aws_cluster.confluent_service_account.admin_manager"
          ]
        }
      ]
    },
    {
      "module": "module.aws_cluster.module.sample_project",
      "mode": "managed",
      "type": "confluent_kafka_topic",
      "name": "http_source_topic",
      "provider": "provider[\"registry.terraform.io/confluentinc/confluent\"]",
      "instances": [
        {
          "index_key": "sandbox",
          "schema_version": 2,
          "attributes": {
            "config": {
              "cleanup.policy": "delete",
              "max.message.bytes": "1048576",
              "retention.ms": "604800000"
            },
            "credentials": [
              {
                "key": "33M2R4KOJFYUXZNS",
                "secret": "dGZI2WvaS581QjjJYo7gqWsqMOyjNCUzET4N42P70ueoyLc6FUzUiPcYWnSDBfFA"
              }
            ],
            "id": "lkc-nmwqpk/aws.myorg.sandbox.sample_project.http_source_data.source-connector",
            "kafka_cluster": [
              {
                "id": "lkc-nmwqpk"
              }
            ],
            "partitions_count": 3,
            "rest_endpoint": "https://pkc-p11xm.us-east-1.aws.confluent.cloud:443",
            "topic_name": "aws.myorg.sandbox.sample_project.http_source_data.source-connector"
          },
          "sensitive_attributes": [
            [
              {
                "type": "get_attr",
                "value": "credentials"
              },
              {
                "type": "index",
                "value": {
                  "value": 0,
                  "type": "number"
                }
              },
              {
                "type": "get_attr",
                "value": "key"
              }
            ],
            [
              {
                "type": "get_attr",
                "value": "credentials"
              },
              {
                "type": "index",
                "value": {
                  "value": 0,
                  "type": "number"
                }
              },
              {
                "type": "get_attr",
                "value": "secret"
              }
            ]
          ],
          "identity_schema_version": 0,
          "private": "eyJzY2hlbWFfdmVyc2lvbiI6IjIifQ==",
          "dependencies": [
            "confluent_environment.main",
            "module.aws_cluster.confluent_api_key.admin_kafka_api_key",
            "module.aws_cluster.confluent_kafka_cluster.basic",
            "module.aws_cluster.confluent_role_binding.admin_environment_admin",
            "module.aws_cluster.confluent_service_account.admin_manager"
          ]
        }
      ]
    },
    {
      "module": "module.aws_cluster.module.sample_project",
      "mode": "managed",
      "type": "confluent_schema",
      "name": "aws_dummy_topic_key_schema",
      "provider": "provider[\"registry.terraform.io/confluentinc/confluent\"]",
      "instances": [
        {
          "index_key": "sandbox",
          "schema_version": 0,
          "attributes": {
            "credentials": [
              {
                "key": "NNOTDKBYZHE7S5XB",
                "secret": "My1KlLmKDxlZuKkxa7D1De4d8EZSVjqnlFNhdFZcbmvWY2xJQjth1BozfAB8w6IE"
              }
            ],
            "format": "AVRO",
            "hard_delete": false,
            "id": "lsrc-1qj365/aws.myorg.sandbox.sample_project.dummy_topic_with_schema-key/latest",
            "metadata": null,
            "recreate_on_update": false,
            "rest_endpoint": "https://psrc-1ry6wml.us-east-1.aws.confluent.cloud",
            "ruleset": null,
            "schema": "\"string\"",
            "schema_identifier": 100002,
            "schema_reference": [],
            "schema_registry_cluster": [
              {
                "id": "lsrc-1qj365"
              }
            ],
            "skip_validation_during_plan": false,
            "subject_name": "aws.myorg.sandbox.sample_project.dummy_topic_with_schema-key",
            "version": 1
          },
          "sensitive_attributes": [
            [
              {
                "type": "get_attr",
                "value": "credentials"
              },
              {
                "type": "index",
                "value": {
                  "value": 0,
                  "type": "number"
                }
              },
              {
                "type": "get_attr",
                "value": "key"
              }
            ],
            [
              {
                "type": "get_attr",
                "value": "credentials"
              },
              {
                "type": "index",
                "value": {
                  "value": 0,
                  "type": "number"
                }
              },
              {
                "type": "get_attr",
                "value": "secret"
              }
            ]
          ],
          "identity_schema_version": 0,
          "private": "bnVsbA==",
          "dependencies": [
            "confluent_environment.main",
            "module.aws_cluster.confluent_api_key.schema_registry_api_key",
            "module.aws_cluster.confluent_service_account.admin_manager",
            "module.aws_cluster.data.confluent_schema_registry_cluster.essentials"
          ]
        }
      ]
    },
    {
      "module": "module.aws_cluster.module.sample_project",
      "mode": "managed",
      "type": "confluent_schema",
      "name": "aws_dummy_topic_value_schema",
      "provider": "provider[\"registry.terraform.io/confluentinc/confluent\"]",
      "instances": [
        {
          "index_key": "sandbox",
          "schema_version": 0,
          "attributes": {
            "credentials": [
              {
                "key": "NNOTDKBYZHE7S5XB",
                "secret": "My1KlLmKDxlZuKkxa7D1De4d8EZSVjqnlFNhdFZcbmvWY2xJQjth1BozfAB8w6IE"
              }
            ],
            "format": "AVRO",
            "hard_delete": false,
            "id": "lsrc-1qj365/aws.myorg.sandbox.sample_project.dummy_topic_with_schema-value/latest",
            "metadata": null,
            "recreate_on_update": false,
            "rest_endpoint": "https://psrc-1ry6wml.us-east-1.aws.confluent.cloud",
            "ruleset": null,
            "schema": "{\"type\":\"record\",\"name\":\"UserProfile\",\"namespace\":\"com.example.kafka.avro.value\",\"fields\":[{\"name\":\"id\",\"type\":\"string\"},{\"name\":\"username\",\"type\":\"string\"},{\"name\":\"email\",\"type\":[\"null\",\"string\"],\"default\":null},{\"name\":\"registrationDate\",\"type\":{\"type\":\"long\",\"logicalType\":\"timestamp-millis\"}}]}",
            "schema_identifier": 100001,
            "schema_reference": [],
            "schema_registry_cluster": [
              {
                "id": "lsrc-1qj365"
              }
            ],
            "skip_validation_during_plan": false,
            "subject_name": "aws.myorg.sandbox.sample_project.dummy_topic_with_schema-value",
            "version": 1
          },
          "sensitive_attributes": [
            [
              {
                "type": "get_attr",
                "value": "credentials"
              },
              {
                "type": "index",
                "value": {
                  "value": 0,
                  "type": "number"
                }
              },
              {
                "type": "get_attr",
                "value": "key"
              }
            ],
            [
              {
                "type": "get_attr",
                "value": "credentials"
              },
              {
                "type": "index",
                "value": {
                  "value": 0,
                  "type": "number"
                }
              },
              {
                "type": "get_attr",
                "value": "secret"
              }
            ]
          ],
          "identity_schema_version": 0,
          "private": "bnVsbA==",
          "dependencies": [
            "confluent_environment.main",
            "module.aws_cluster.confluent_api_key.schema_registry_api_key",
            "module.aws_cluster.confluent_service_account.admin_manager",
            "module.aws_cluster.data.confluent_schema_registry_cluster.essentials"
          ]
        }
      ]
    }
  ],
  "check_results": [
    {
      "object_kind": "var",
      "config_addr": "var.aws_cluster_availability",
      "status": "pass",
      "objects": [
        {
          "object_addr": "var.aws_cluster_availability",
          "status": "pass"
        }
      ]
    },
    {
      "object_kind": "var",
      "config_addr": "var.default_topic_partition",
      "status": "pass",
      "objects": [
        {
          "object_addr": "var.default_topic_partition",
          "status": "pass"
        }
      ]
    },
    {
      "object_kind": "var",
      "config_addr": "var.environment_type",
      "status": "pass",
      "objects": [
        {
          "object_addr": "var.environment_type",
          "status": "pass"
        }
      ]
    },
    {
      "object_kind": "var",
      "config_addr": "var.aws_cluster_cloud",
      "status": "pass",
      "objects": [
        {
          "object_addr": "var.aws_cluster_cloud",
          "status": "pass"
        }
      ]
    },
    {
      "object_kind": "var",
      "config_addr": "var.sub_environments",
      "status": "pass",
      "objects": [
        {
          "object_addr": "var.sub_environments",
          "status": "pass"
        }
      ]
    }
  ]
}
